
Microsoft Visual Studio Solution File, Format Version 12.00
# Visual Studio Version 17
VisualStudioVersion = 17.7.34031.279
MinimumVisualStudioVersion = 10.0.40219.1
Project("{FAE04EC0-301F-11D3-BF4B-00C04F79EFBC}") = "Form_Task_DB", "Form_Task_DB.csproj", "{10DD154A-5604-4C33-9120-672D7BA55FC5}"
EndProject
Global
	GlobalSection(SolutionConfigurationPlatforms) = preSolution
		Debug|Any CPU = Debug|Any CPU
		Release|Any CPU = Release|Any CPU
	EndGlobalSection
	GlobalSection(ProjectConfigurationPlatforms) = postSolution
		{10DD154A-5604-4C33-9120-672D7BA55FC5}.Debug|Any CPU.ActiveCfg = Debug|Any CPU
		{10DD154A-5604-4C33-9120-672D7BA55FC5}.Debug|Any CPU.Build.0 = Debug|Any CPU
		{10DD154A-5604-4C33-9120-672D7BA55FC5}.Release|Any CPU.ActiveCfg = Release|Any CPU
		{10DD154A-5604-4C33-9120-672D7BA55FC5}.Release|Any CPU.Build.0 = Release|Any CPU
	EndGlobalSection
	GlobalSection(SolutionProperties) = preSolution
		HideSolutionNode = FALSE
	EndGlobalSection
	GlobalSection(ExtensibilityGlobals) = postSolution
		SolutionGuid = {38F2D3B6-C1F7-4B18-823A-B4B4D19D4EBC}
	EndGlobalSection
EndGlobal
